
Microsoft Visual Studio Solution File, Format Version 12.00
# Visual Studio Version 17
VisualStudioVersion = 17.7.34031.279
MinimumVisualStudioVersion = 10.0.40219.1
Project("{FAE04EC0-301F-11D3-BF4B-00C04F79EFBC}") = "WebApplicationPedido", "WebApplicationPedido\WebApplicationPedido.csproj", "{AD10BF83-5FE4-4169-B7C2-412359920EF5}"
EndProject
Global
	GlobalSection(SolutionConfigurationPlatforms) = preSolution
		Debug|Any CPU = Debug|Any CPU
		Release|Any CPU = Release|Any CPU
	EndGlobalSection
	GlobalSection(ProjectConfigurationPlatforms) = postSolution
		{AD10BF83-5FE4-4169-B7C2-412359920EF5}.Debug|Any CPU.ActiveCfg = Debug|Any CPU
		{AD10BF83-5FE4-4169-B7C2-412359920EF5}.Debug|Any CPU.Build.0 = Debug|Any CPU
		{AD10BF83-5FE4-4169-B7C2-412359920EF5}.Release|Any CPU.ActiveCfg = Release|Any CPU
		{AD10BF83-5FE4-4169-B7C2-412359920EF5}.Release|Any CPU.Build.0 = Release|Any CPU
	EndGlobalSection
	GlobalSection(SolutionProperties) = preSolution
		HideSolutionNode = FALSE
	EndGlobalSection
	GlobalSection(ExtensibilityGlobals) = postSolution
		SolutionGuid = {3C709A27-73B3-4AE0-ABA6-DB29DBC47C73}
	EndGlobalSection
EndGlobal
